{
  "name": "likeButton",
  "version": "1.0.0",
  "lockfileVersion": 1,
  "requires": true,
  "dependencies": {
    "buffer-from": {
      "version": "1.1.2",
      "resolved": "https://registry.nlark.com/buffer-from/download/buffer-from-1.1.2.tgz",
      "integrity": "sha1-KxRqb9cugLT1XSVfNe1Zo6mkG9U="
    },
    "commander": {
      "version": "2.20.3",
      "resolved": "https://registry.nlark.com/commander/download/commander-2.20.3.tgz",
      "integrity": "sha1-/UhehMA+tIgcIHIrpIA16FMa6zM="
    },
    "source-map": {
      "version": "0.7.3",
      "resolved": "https://registry.npm.taobao.org/source-map/download/source-map-0.7.3.tgz",
      "integrity": "sha1-UwL4FpAxc1ImVECS5kmB91F1A4M="
    },
    "source-map-support": {
      "version": "0.5.20",
      "resolved": "https://registry.nlark.com/source-map-support/download/source-map-support-0.5.20.tgz",
      "integrity": "sha1-EhZgifj15ejFaSazd2Mzkt0stsk=",
      "requires": {
        "buffer-from": "^1.0.0",
        "source-map": "^0.6.0"
      },
      "dependencies": {
        "source-map": {
          "version": "0.6.1",
          "resolved": "https://registry.npm.taobao.org/source-map/download/source-map-0.6.1.tgz",
          "integrity": "sha1-dHIq8y6WFOnCh6jQu95IteLxomM="
        }
      }
    },
    "terser": {
      "version": "5.7.2",
      "resolved": "https://registry.nlark.com/terser/download/terser-5.7.2.tgz",
      "integrity": "sha1-1Nle1Pi/c1y5M+gC8qGCmr9UXj8=",
      "requires": {
        "commander": "^2.20.0",
        "source-map": "~0.7.2",
        "source-map-support": "~0.5.19"
      }
    }
  }
}
